
Microsoft Visual Studio Solution File, Format Version 12.00
# Visual Studio Version 16
VisualStudioVersion = 16.0.32106.194
MinimumVisualStudioVersion = 10.0.40219.1
Project("{8BC9CEB8-8B4A-11D0-8D11-00A0C91BC942}") = "Client", "Client\Client.vcxproj", "{D603399E-D72C-4CAE-9729-DFCC87F99496}"
EndProject
Project("{8BC9CEB8-8B4A-11D0-8D11-00A0C91BC942}") = "Engine", "Engine\Engine.vcxproj", "{8D73CEB6-CBCA-4378-81CF-91363008002B}"
EndProject
Global
	GlobalSection(SolutionConfigurationPlatforms) = preSolution
		Debug|x64 = Debug|x64
		Debug|x86 = Debug|x86
		Release|x64 = Release|x64
		Release|x86 = Release|x86
	EndGlobalSection
	GlobalSection(ProjectConfigurationPlatforms) = postSolution
		{D603399E-D72C-4CAE-9729-DFCC87F99496}.Debug|x64.ActiveCfg = Debug|x64
		{D603399E-D72C-4CAE-9729-DFCC87F99496}.Debug|x64.Build.0 = Debug|x64
		{D603399E-D72C-4CAE-9729-DFCC87F99496}.Debug|x86.ActiveCfg = Debug|Win32
		{D603399E-D72C-4CAE-9729-DFCC87F99496}.Debug|x86.Build.0 = Debug|Win32
		{D603399E-D72C-4CAE-9729-DFCC87F99496}.Release|x64.ActiveCfg = Release|x64
		{D603399E-D72C-4CAE-9729-DFCC87F99496}.Release|x64.Build.0 = Release|x64
		{D603399E-D72C-4CAE-9729-DFCC87F99496}.Release|x86.ActiveCfg = Release|Win32
		{D603399E-D72C-4CAE-9729-DFCC87F99496}.Release|x86.Build.0 = Release|Win32
		{8D73CEB6-CBCA-4378-81CF-91363008002B}.Debug|x64.ActiveCfg = Debug|x64
		{8D73CEB6-CBCA-4378-81CF-91363008002B}.Debug|x64.Build.0 = Debug|x64
		{8D73CEB6-CBCA-4378-81CF-91363008002B}.Debug|x86.ActiveCfg = Debug|Win32
		{8D73CEB6-CBCA-4378-81CF-91363008002B}.Debug|x86.Build.0 = Debug|Win32
		{8D73CEB6-CBCA-4378-81CF-91363008002B}.Release|x64.ActiveCfg = Release|x64
		{8D73CEB6-CBCA-4378-81CF-91363008002B}.Release|x64.Build.0 = Release|x64
		{8D73CEB6-CBCA-4378-81CF-91363008002B}.Release|x86.ActiveCfg = Release|Win32
		{8D73CEB6-CBCA-4378-81CF-91363008002B}.Release|x86.Build.0 = Release|Win32
	EndGlobalSection
	GlobalSection(SolutionProperties) = preSolution
		HideSolutionNode = FALSE
	EndGlobalSection
	GlobalSection(ExtensibilityGlobals) = postSolution
		SolutionGuid = {C55E4BB6-E367-42C0-9F2E-C4A56D960C72}
	EndGlobalSection
EndGlobal
